// !$*UTF8*$!
{
	archiveVersion = 1;
	classes = {
	};
	objectVersion = 46;
	objects = {

/* Begin PBXBuildFile section */
		7E289B911C00F29F004F2BC3 /* Localizable.strings in Resources */ = {isa = PBXBuildFile; fileRef = 7E289B901C00F29F004F2BC3 /* Localizable.strings */; };
		7EE61EB61BFF6F7A00DE8F47 /* main.m in Sources */ = {isa = PBXBuildFile; fileRef = 7EE61EB51BFF6F7A00DE8F47 /* main.m */; };
		7EE61EB91BFF6F7A00DE8F47 /* AppDelegate.m in Sources */ = {isa = PBXBuildFile; fileRef = 7EE61EB81BFF6F7A00DE8F47 /* AppDelegate.m */; };
		7EE61EBC1BFF6F7A00DE8F47 /* TTTMainMenuVC.mm in Sources */ = {isa = PBXBuildFile; fileRef = 7EE61EBB1BFF6F7A00DE8F47 /* TTTMainMenuVC.mm */; };
		7EE61EBF1BFF6F7A00DE8F47 /* Main.storyboard in Resources */ = {isa = PBXBuildFile; fileRef = 7EE61EBD1BFF6F7A00DE8F47 /* Main.storyboard */; };
		7EE61EC11BFF6F7A00DE8F47 /* Assets.xcassets in Resources */ = {isa = PBXBuildFile; fileRef = 7EE61EC01BFF6F7A00DE8F47 /* Assets.xcassets */; };
		7EE61EC41BFF6F7A00DE8F47 /* LaunchScreen.storyboard in Resources */ = {isa = PBXBuildFile; fileRef = 7EE61EC21BFF6F7A00DE8F47 /* LaunchScreen.storyboard */; };
		7EE61ECF1BFF6F7A00DE8F47 /* TicTacToeTests.m in Sources */ = {isa = PBXBuildFile; fileRef = 7EE61ECE1BFF6F7A00DE8F47 /* TicTacToeTests.m */; };
		7EE61EF61BFF713E00DE8F47 /* libTicTacToeKit.a in Frameworks */ = {isa = PBXBuildFile; fileRef = 7EE61EF31BFF712C00DE8F47 /* libTicTacToeKit.a */; };
		7EE61EF91BFF723F00DE8F47 /* TTTGameVC.m in Sources */ = {isa = PBXBuildFile; fileRef = 7EE61EF81BFF723F00DE8F47 /* TTTGameVC.m */; };
		7EE61F021BFF74C100DE8F47 /* TTTColorThemePOD.m in Sources */ = {isa = PBXBuildFile; fileRef = 7EE61F011BFF74C100DE8F47 /* TTTColorThemePOD.m */; };
		7EE61F051BFF74F900DE8F47 /* TTTColorThemeBuilder.m in Sources */ = {isa = PBXBuildFile; fileRef = 7EE61F041BFF74F900DE8F47 /* TTTColorThemeBuilder.m */; };
		7EE61F081BFF756700DE8F47 /* TTTMenuThemePOD.m in Sources */ = {isa = PBXBuildFile; fileRef = 7EE61F071BFF756700DE8F47 /* TTTMenuThemePOD.m */; };
/* End PBXBuildFile section */

/* Begin PBXContainerItemProxy section */
		7E289B931C00F29F004F2BC3 /* PBXContainerItemProxy */ = {
			isa = PBXContainerItemProxy;
			containerPortal = 7EE61EEE1BFF712C00DE8F47 /* TicTacToeKit.xcodeproj */;
			proxyType = 2;
			remoteGlobalIDString = 7E289B701C007DEB004F2BC3;
			remoteInfo = TicTacToeKitTest;
		};
		7EE61ECB1BFF6F7A00DE8F47 /* PBXContainerItemProxy */ = {
			isa = PBXContainerItemProxy;
			containerPortal = 7EE61EA91BFF6F7A00DE8F47 /* Project object */;
			proxyType = 1;
			remoteGlobalIDString = 7EE61EB01BFF6F7A00DE8F47;
			remoteInfo = TicTacToe;
		};
		7EE61EF21BFF712C00DE8F47 /* PBXContainerItemProxy */ = {
			isa = PBXContainerItemProxy;
			containerPortal = 7EE61EEE1BFF712C00DE8F47 /* TicTacToeKit.xcodeproj */;
			proxyType = 2;
			remoteGlobalIDString = 7EE61EE21BFF70EE00DE8F47;
			remoteInfo = TicTacToeKit;
		};
		7EE61EF41BFF713700DE8F47 /* PBXContainerItemProxy */ = {
			isa = PBXContainerItemProxy;
			containerPortal = 7EE61EEE1BFF712C00DE8F47 /* TicTacToeKit.xcodeproj */;
			proxyType = 1;
			remoteGlobalIDString = 7EE61EE11BFF70EE00DE8F47;
			remoteInfo = TicTacToeKit;
		};
/* End PBXContainerItemProxy section */

/* Begin PBXFileReference section */
		7E289B901C00F29F004F2BC3 /* Localizable.strings */ = {isa = PBXFileReference; fileEncoding = 4; lastKnownFileType = text.plist.strings; name = Localizable.strings; path = TicTacToe/Localizable.strings; sourceTree = "<group>"; };
		7EE61EB11BFF6F7A00DE8F47 /* TicTacToe.app */ = {isa = PBXFileReference; explicitFileType = wrapper.application; includeInIndex = 0; path = TicTacToe.app; sourceTree = BUILT_PRODUCTS_DIR; };
		7EE61EB51BFF6F7A00DE8F47 /* main.m */ = {isa = PBXFileReference; lastKnownFileType = sourcecode.c.objc; path = main.m; sourceTree = "<group>"; };
		7EE61EB71BFF6F7A00DE8F47 /* AppDelegate.h */ = {isa = PBXFileReference; lastKnownFileType = sourcecode.c.h; path = AppDelegate.h; sourceTree = "<group>"; };
		7EE61EB81BFF6F7A00DE8F47 /* AppDelegate.m */ = {isa = PBXFileReference; lastKnownFileType = sourcecode.c.objc; path = AppDelegate.m; sourceTree = "<group>"; };
		7EE61EBA1BFF6F7A00DE8F47 /* TTTMainMenuVC.h */ = {isa = PBXFileReference; lastKnownFileType = sourcecode.c.h; path = TTTMainMenuVC.h; sourceTree = "<group>"; };
		7EE61EBB1BFF6F7A00DE8F47 /* TTTMainMenuVC.mm */ = {isa = PBXFileReference; lastKnownFileType = sourcecode.cpp.objcpp; path = TTTMainMenuVC.mm; sourceTree = "<group>"; };
		7EE61EBE1BFF6F7A00DE8F47 /* Base */ = {isa = PBXFileReference; lastKnownFileType = file.storyboard; name = Base; path = Base.lproj/Main.storyboard; sourceTree = "<group>"; };
		7EE61EC01BFF6F7A00DE8F47 /* Assets.xcassets */ = {isa = PBXFileReference; lastKnownFileType = folder.assetcatalog; path = Assets.xcassets; sourceTree = "<group>"; };
		7EE61EC31BFF6F7A00DE8F47 /* Base */ = {isa = PBXFileReference; lastKnownFileType = file.storyboard; name = Base; path = Base.lproj/LaunchScreen.storyboard; sourceTree = "<group>"; };
		7EE61EC51BFF6F7A00DE8F47 /* Info.plist */ = {isa = PBXFileReference; lastKnownFileType = text.plist.xml; path = Info.plist; sourceTree = "<group>"; };
		7EE61ECA1BFF6F7A00DE8F47 /* TicTacToeTests.xctest */ = {isa = PBXFileReference; explicitFileType = wrapper.cfbundle; includeInIndex = 0; path = TicTacToeTests.xctest; sourceTree = BUILT_PRODUCTS_DIR; };
		7EE61ECE1BFF6F7A00DE8F47 /* TicTacToeTests.m */ = {isa = PBXFileReference; lastKnownFileType = sourcecode.c.objc; path = TicTacToeTests.m; sourceTree = "<group>"; };
		7EE61ED01BFF6F7A00DE8F47 /* Info.plist */ = {isa = PBXFileReference; lastKnownFileType = text.plist.xml; path = Info.plist; sourceTree = "<group>"; };
		7EE61EEE1BFF712C00DE8F47 /* TicTacToeKit.xcodeproj */ = {isa = PBXFileReference; lastKnownFileType = "wrapper.pb-project"; name = TicTacToeKit.xcodeproj; path = ../../lib/TicTacToeKit/TicTacToeKit.xcodeproj; sourceTree = "<group>"; };
		7EE61EF71BFF723F00DE8F47 /* TTTGameVC.h */ = {isa = PBXFileReference; fileEncoding = 4; lastKnownFileType = sourcecode.c.h; path = TTTGameVC.h; sourceTree = "<group>"; };
		7EE61EF81BFF723F00DE8F47 /* TTTGameVC.m */ = {isa = PBXFileReference; fileEncoding = 4; lastKnownFileType = sourcecode.c.objc; path = TTTGameVC.m; sourceTree = "<group>"; };
		7EE61EFE1BFF748F00DE8F47 /* TTTColorTheme.h */ = {isa = PBXFileReference; fileEncoding = 4; lastKnownFileType = sourcecode.c.h; path = TTTColorTheme.h; sourceTree = "<group>"; };
		7EE61EFF1BFF749900DE8F47 /* TTTMenuTheme.h */ = {isa = PBXFileReference; fileEncoding = 4; lastKnownFileType = sourcecode.c.h; path = TTTMenuTheme.h; sourceTree = "<group>"; };
		7EE61F001BFF74C100DE8F47 /* TTTColorThemePOD.h */ = {isa = PBXFileReference; fileEncoding = 4; lastKnownFileType = sourcecode.c.h; path = TTTColorThemePOD.h; sourceTree = "<group>"; };
		7EE61F011BFF74C100DE8F47 /* TTTColorThemePOD.m */ = {isa = PBXFileReference; fileEncoding = 4; lastKnownFileType = sourcecode.c.objc; path = TTTColorThemePOD.m; sourceTree = "<group>"; };
		7EE61F031BFF74F900DE8F47 /* TTTColorThemeBuilder.h */ = {isa = PBXFileReference; fileEncoding = 4; lastKnownFileType = sourcecode.c.h; path = TTTColorThemeBuilder.h; sourceTree = "<group>"; };
		7EE61F041BFF74F900DE8F47 /* TTTColorThemeBuilder.m */ = {isa = PBXFileReference; fileEncoding = 4; lastKnownFileType = sourcecode.c.objc; path = TTTColorThemeBuilder.m; sourceTree = "<group>"; };
		7EE61F061BFF756700DE8F47 /* TTTMenuThemePOD.h */ = {isa = PBXFileReference; fileEncoding = 4; lastKnownFileType = sourcecode.c.h; path = TTTMenuThemePOD.h; sourceTree = "<group>"; };
		7EE61F071BFF756700DE8F47 /* TTTMenuThemePOD.m */ = {isa = PBXFileReference; fileEncoding = 4; lastKnownFileType = sourcecode.c.objc; path = TTTMenuThemePOD.m; sourceTree = "<group>"; };
		7EE61F091BFF761600DE8F47 /* TicTacToe.pch */ = {isa = PBXFileReference; lastKnownFileType = sourcecode.c.h; path = TicTacToe.pch; sourceTree = "<group>"; };
/* End PBXFileReference section */

/* Begin PBXFrameworksBuildPhase section */
		7EE61EAE1BFF6F7A00DE8F47 /* Frameworks */ = {
			isa = PBXFrameworksBuildPhase;
			buildActionMask = 2147483647;
			files = (
				7EE61EF61BFF713E00DE8F47 /* libTicTacToeKit.a in Frameworks */,
			);
			runOnlyForDeploymentPostprocessing = 0;
		};
		7EE61EC71BFF6F7A00DE8F47 /* Frameworks */ = {
			isa = PBXFrameworksBuildPhase;
			buildActionMask = 2147483647;
			files = (
			);
			runOnlyForDeploymentPostprocessing = 0;
		};
/* End PBXFrameworksBuildPhase section */

/* Begin PBXGroup section */
		7EE61EA81BFF6F7A00DE8F47 = {
			isa = PBXGroup;
			children = (
				7EE61F091BFF761600DE8F47 /* TicTacToe.pch */,
				7E289B901C00F29F004F2BC3 /* Localizable.strings */,
				7EE61EEE1BFF712C00DE8F47 /* TicTacToeKit.xcodeproj */,
				7EE61EB31BFF6F7A00DE8F47 /* TicTacToe */,
				7EE61ECD1BFF6F7A00DE8F47 /* TicTacToeTests */,
				7EE61EB21BFF6F7A00DE8F47 /* Products */,
			);
			sourceTree = "<group>";
		};
		7EE61EB21BFF6F7A00DE8F47 /* Products */ = {
			isa = PBXGroup;
			children = (
				7EE61EB11BFF6F7A00DE8F47 /* TicTacToe.app */,
				7EE61ECA1BFF6F7A00DE8F47 /* TicTacToeTests.xctest */,
			);
			name = Products;
			sourceTree = "<group>";
		};
		7EE61EB31BFF6F7A00DE8F47 /* TicTacToe */ = {
			isa = PBXGroup;
			children = (
				7EE61EFD1BFF747600DE8F47 /* ColorTheme */,
				7EE61EB71BFF6F7A00DE8F47 /* AppDelegate.h */,
				7EE61EB81BFF6F7A00DE8F47 /* AppDelegate.m */,
				7EE61EBA1BFF6F7A00DE8F47 /* TTTMainMenuVC.h */,
				7EE61EBB1BFF6F7A00DE8F47 /* TTTMainMenuVC.mm */,
				7EE61EF71BFF723F00DE8F47 /* TTTGameVC.h */,
				7EE61EF81BFF723F00DE8F47 /* TTTGameVC.m */,
				7EE61EBD1BFF6F7A00DE8F47 /* Main.storyboard */,
				7EE61EC01BFF6F7A00DE8F47 /* Assets.xcassets */,
				7EE61EC21BFF6F7A00DE8F47 /* LaunchScreen.storyboard */,
				7EE61EC51BFF6F7A00DE8F47 /* Info.plist */,
				7EE61EB41BFF6F7A00DE8F47 /* Supporting Files */,
			);
			path = TicTacToe;
			sourceTree = "<group>";
		};
		7EE61EB41BFF6F7A00DE8F47 /* Supporting Files */ = {
			isa = PBXGroup;
			children = (
				7EE61EB51BFF6F7A00DE8F47 /* main.m */,
			);
			name = "Supporting Files";
			sourceTree = "<group>";
		};
		7EE61ECD1BFF6F7A00DE8F47 /* TicTacToeTests */ = {
			isa = PBXGroup;
			children = (
				7EE61ECE1BFF6F7A00DE8F47 /* TicTacToeTests.m */,
				7EE61ED01BFF6F7A00DE8F47 /* Info.plist */,
			);
			path = TicTacToeTests;
			sourceTree = "<group>";
		};
		7EE61EEF1BFF712C00DE8F47 /* Products */ = {
			isa = PBXGroup;
			children = (
				7EE61EF31BFF712C00DE8F47 /* libTicTacToeKit.a */,
				7E289B941C00F29F004F2BC3 /* TicTacToeKitTest.xctest */,
			);
			name = Products;
			sourceTree = "<group>";
		};
		7EE61EFD1BFF747600DE8F47 /* ColorTheme */ = {
			isa = PBXGroup;
			children = (
				7EE61EFE1BFF748F00DE8F47 /* TTTColorTheme.h */,
				7EE61EFF1BFF749900DE8F47 /* TTTMenuTheme.h */,
				7EE61F061BFF756700DE8F47 /* TTTMenuThemePOD.h */,
				7EE61F071BFF756700DE8F47 /* TTTMenuThemePOD.m */,
				7EE61F001BFF74C100DE8F47 /* TTTColorThemePOD.h */,
				7EE61F011BFF74C100DE8F47 /* TTTColorThemePOD.m */,
				7EE61F031BFF74F900DE8F47 /* TTTColorThemeBuilder.h */,
				7EE61F041BFF74F900DE8F47 /* TTTColorThemeBuilder.m */,
			);
			path = ColorTheme;
			sourceTree = "<group>";
		};
/* End PBXGroup section */

/* Begin PBXNativeTarget section */
		7EE61EB01BFF6F7A00DE8F47 /* TicTacToe */ = {
			isa = PBXNativeTarget;
			buildConfigurationList = 7EE61ED31BFF6F7A00DE8F47 /* Build configuration list for PBXNativeTarget "TicTacToe" */;
			buildPhases = (
				7EE61EAD1BFF6F7A00DE8F47 /* Sources */,
				7EE61EAE1BFF6F7A00DE8F47 /* Frameworks */,
				7EE61EAF1BFF6F7A00DE8F47 /* Resources */,
			);
			buildRules = (
			);
			dependencies = (
				7EE61EF51BFF713700DE8F47 /* PBXTargetDependency */,
			);
			name = TicTacToe;
			productName = TicTacToe;
			productReference = 7EE61EB11BFF6F7A00DE8F47 /* TicTacToe.app */;
			productType = "com.apple.product-type.application";
		};
		7EE61EC91BFF6F7A00DE8F47 /* TicTacToeTests */ = {
			isa = PBXNativeTarget;
			buildConfigurationList = 7EE61ED61BFF6F7A00DE8F47 /* Build configuration list for PBXNativeTarget "TicTacToeTests" */;
			buildPhases = (
				7EE61EC61BFF6F7A00DE8F47 /* Sources */,
				7EE61EC71BFF6F7A00DE8F47 /* Frameworks */,
				7EE61EC81BFF6F7A00DE8F47 /* Resources */,
			);
			buildRules = (
			);
			dependencies = (
				7EE61ECC1BFF6F7A00DE8F47 /* PBXTargetDependency */,
			);
			name = TicTacToeTests;
			productName = TicTacToeTests;
			productReference = 7EE61ECA1BFF6F7A00DE8F47 /* TicTacToeTests.xctest */;
			productType = "com.apple.product-type.bundle.unit-test";
		};
/* End PBXNativeTarget section */

/* Begin PBXProject section */
		7EE61EA91BFF6F7A00DE8F47 /* Project object */ = {
			isa = PBXProject;
			attributes = {
				LastUpgradeCheck = 0710;
				ORGANIZATIONNAME = dodikk;
				TargetAttributes = {
					7EE61EB01BFF6F7A00DE8F47 = {
						CreatedOnToolsVersion = 7.1.1;
					};
					7EE61EC91BFF6F7A00DE8F47 = {
						CreatedOnToolsVersion = 7.1.1;
						TestTargetID = 7EE61EB01BFF6F7A00DE8F47;
					};
				};
			};
			buildConfigurationList = 7EE61EAC1BFF6F7A00DE8F47 /* Build configuration list for PBXProject "TicTacToe" */;
			compatibilityVersion = "Xcode 3.2";
			developmentRegion = English;
			hasScannedForEncodings = 0;
			knownRegions = (
				en,
				Base,
			);
			mainGroup = 7EE61EA81BFF6F7A00DE8F47;
			productRefGroup = 7EE61EB21BFF6F7A00DE8F47 /* Products */;
			projectDirPath = "";
			projectReferences = (
				{
					ProductGroup = 7EE61EEF1BFF712C00DE8F47 /* Products */;
					ProjectRef = 7EE61EEE1BFF712C00DE8F47 /* TicTacToeKit.xcodeproj */;
				},
			);
			projectRoot = "";
			targets = (
				7EE61EB01BFF6F7A00DE8F47 /* TicTacToe */,
				7EE61EC91BFF6F7A00DE8F47 /* TicTacToeTests */,
			);
		};
/* End PBXProject section */

/* Begin PBXReferenceProxy section */
		7E289B941C00F29F004F2BC3 /* TicTacToeKitTest.xctest */ = {
			isa = PBXReferenceProxy;
			fileType = wrapper.cfbundle;
			path = TicTacToeKitTest.xctest;
			remoteRef = 7E289B931C00F29F004F2BC3 /* PBXContainerItemProxy */;
			sourceTree = BUILT_PRODUCTS_DIR;
		};
		7EE61EF31BFF712C00DE8F47 /* libTicTacToeKit.a */ = {
			isa = PBXReferenceProxy;
			fileType = archive.ar;
			path = libTicTacToeKit.a;
			remoteRef = 7EE61EF21BFF712C00DE8F47 /* PBXContainerItemProxy */;
			sourceTree = BUILT_PRODUCTS_DIR;
		};
/* End PBXReferenceProxy section */

/* Begin PBXResourcesBuildPhase section */
		7EE61EAF1BFF6F7A00DE8F47 /* Resources */ = {
			isa = PBXResourcesBuildPhase;
			buildActionMask = 2147483647;
			files = (
				7EE61EC41BFF6F7A00DE8F47 /* LaunchScreen.storyboard in Resources */,
				7E289B911C00F29F004F2BC3 /* Localizable.strings in Resources */,
				7EE61EC11BFF6F7A00DE8F47 /* Assets.xcassets in Resources */,
				7EE61EBF1BFF6F7A00DE8F47 /* Main.storyboard in Resources */,
			);
			runOnlyForDeploymentPostprocessing = 0;
		};
		7EE61EC81BFF6F7A00DE8F47 /* Resources */ = {
			isa = PBXResourcesBuildPhase;
			buildActionMask = 2147483647;
			files = (
			);
			runOnlyForDeploymentPostprocessing = 0;
		};
/* End PBXResourcesBuildPhase section */

/* Begin PBXSourcesBuildPhase section */
		7EE61EAD1BFF6F7A00DE8F47 /* Sources */ = {
			isa = PBXSourcesBuildPhase;
			buildActionMask = 2147483647;
			files = (
				7EE61EBC1BFF6F7A00DE8F47 /* TTTMainMenuVC.mm in Sources */,
				7EE61EF91BFF723F00DE8F47 /* TTTGameVC.m in Sources */,
				7EE61F081BFF756700DE8F47 /* TTTMenuThemePOD.m in Sources */,
				7EE61F021BFF74C100DE8F47 /* TTTColorThemePOD.m in Sources */,
				7EE61EB91BFF6F7A00DE8F47 /* AppDelegate.m in Sources */,
				7EE61F051BFF74F900DE8F47 /* TTTColorThemeBuilder.m in Sources */,
				7EE61EB61BFF6F7A00DE8F47 /* main.m in Sources */,
			);
			runOnlyForDeploymentPostprocessing = 0;
		};
		7EE61EC61BFF6F7A00DE8F47 /* Sources */ = {
			isa = PBXSourcesBuildPhase;
			buildActionMask = 2147483647;
			files = (
				7EE61ECF1BFF6F7A00DE8F47 /* TicTacToeTests.m in Sources */,
			);
			runOnlyForDeploymentPostprocessing = 0;
		};
/* End PBXSourcesBuildPhase section */

/* Begin PBXTargetDependency section */
		7EE61ECC1BFF6F7A00DE8F47 /* PBXTargetDependency */ = {
			isa = PBXTargetDependency;
			target = 7EE61EB01BFF6F7A00DE8F47 /* TicTacToe */;
			targetProxy = 7EE61ECB1BFF6F7A00DE8F47 /* PBXContainerItemProxy */;
		};
		7EE61EF51BFF713700DE8F47 /* PBXTargetDependency */ = {
			isa = PBXTargetDependency;
			name = TicTacToeKit;
			targetProxy = 7EE61EF41BFF713700DE8F47 /* PBXContainerItemProxy */;
		};
/* End PBXTargetDependency section */

/* Begin PBXVariantGroup section */
		7EE61EBD1BFF6F7A00DE8F47 /* Main.storyboard */ = {
			isa = PBXVariantGroup;
			children = (
				7EE61EBE1BFF6F7A00DE8F47 /* Base */,
			);
			name = Main.storyboard;
			sourceTree = "<group>";
		};
		7EE61EC21BFF6F7A00DE8F47 /* LaunchScreen.storyboard */ = {
			isa = PBXVariantGroup;
			children = (
				7EE61EC31BFF6F7A00DE8F47 /* Base */,
			);
			name = LaunchScreen.storyboard;
			sourceTree = "<group>";
		};
/* End PBXVariantGroup section */

/* Begin XCBuildConfiguration section */
		7EE61ED11BFF6F7A00DE8F47 /* Debug */ = {
			isa = XCBuildConfiguration;
			buildSettings = {
				ALWAYS_SEARCH_USER_PATHS = NO;
				CLANG_ANALYZER_SECURITY_FLOATLOOPCOUNTER = YES;
				CLANG_ANALYZER_SECURITY_INSECUREAPI_RAND = YES;
				CLANG_ANALYZER_SECURITY_INSECUREAPI_STRCPY = YES;
				CLANG_CXX_LANGUAGE_STANDARD = "gnu++0x";
				CLANG_CXX_LIBRARY = "libc++";
				CLANG_ENABLE_MODULES = YES;
				CLANG_ENABLE_OBJC_ARC = YES;
				CLANG_WARN_ASSIGN_ENUM = YES;
				CLANG_WARN_BOOL_CONVERSION = YES;
				CLANG_WARN_CONSTANT_CONVERSION = YES;
				CLANG_WARN_CXX0X_EXTENSIONS = YES;
				CLANG_WARN_DIRECT_OBJC_ISA_USAGE = YES_ERROR;
				CLANG_WARN_EMPTY_BODY = YES;
				CLANG_WARN_ENUM_CONVERSION = YES;
				CLANG_WARN_IMPLICIT_SIGN_CONVERSION = YES;
				CLANG_WARN_INT_CONVERSION = YES;
				CLANG_WARN_NULLABLE_TO_NONNULL_CONVERSION = YES;
				CLANG_WARN_OBJC_IMPLICIT_ATOMIC_PROPERTIES = YES;
				CLANG_WARN_OBJC_IMPLICIT_RETAIN_SELF = YES;
				CLANG_WARN_OBJC_REPEATED_USE_OF_WEAK = YES;
				CLANG_WARN_OBJC_ROOT_CLASS = YES_ERROR;
				CLANG_WARN_SUSPICIOUS_IMPLICIT_CONVERSION = YES;
				CLANG_WARN_UNREACHABLE_CODE = YES;
				CLANG_WARN__DUPLICATE_METHOD_MATCH = YES;
				CLANG_WARN__EXIT_TIME_DESTRUCTORS = YES;
				"CODE_SIGN_IDENTITY[sdk=iphoneos*]" = "iPhone Developer";
				COPY_PHASE_STRIP = NO;
				DEBUG_INFORMATION_FORMAT = dwarf;
				ENABLE_STRICT_OBJC_MSGSEND = YES;
				ENABLE_TESTABILITY = YES;
				GCC_C_LANGUAGE_STANDARD = gnu99;
				GCC_DYNAMIC_NO_PIC = NO;
				GCC_INCREASE_PRECOMPILED_HEADER_SHARING = YES;
				GCC_NO_COMMON_BLOCKS = YES;
				GCC_OPTIMIZATION_LEVEL = 0;
				GCC_PRECOMPILE_PREFIX_HEADER = YES;
				GCC_PREFIX_HEADER = TicTacToe.pch;
				GCC_PREPROCESSOR_DEFINITIONS = (
					"DEBUG=1",
					"$(inherited)",
				);
				GCC_TREAT_WARNINGS_AS_ERRORS = YES;
				GCC_WARN_64_TO_32_BIT_CONVERSION = YES;
				GCC_WARN_ABOUT_RETURN_TYPE = YES_ERROR;
				GCC_WARN_NON_VIRTUAL_DESTRUCTOR = YES;
				GCC_WARN_PEDANTIC = YES;
				GCC_WARN_SHADOW = YES;
				GCC_WARN_SIGN_COMPARE = YES;
				GCC_WARN_UNDECLARED_SELECTOR = YES;
				GCC_WARN_UNINITIALIZED_AUTOS = YES_AGGRESSIVE;
				GCC_WARN_UNUSED_FUNCTION = YES;
				GCC_WARN_UNUSED_VARIABLE = YES;
				HEADER_SEARCH_PATHS = ../../lib/TicTacToeKit;
				IPHONEOS_DEPLOYMENT_TARGET = 9.1;
				MTL_ENABLE_DEBUG_INFO = YES;
				ONLY_ACTIVE_ARCH = YES;
				SDKROOT = iphoneos;
				TARGETED_DEVICE_FAMILY = "1,2";
			};
			name = Debug;
		};
		7EE61ED21BFF6F7A00DE8F47 /* Release */ = {
			isa = XCBuildConfiguration;
			buildSettings = {
				ALWAYS_SEARCH_USER_PATHS = NO;
				CLANG_ANALYZER_SECURITY_FLOATLOOPCOUNTER = YES;
				CLANG_ANALYZER_SECURITY_INSECUREAPI_RAND = YES;
				CLANG_ANALYZER_SECURITY_INSECUREAPI_STRCPY = YES;
				CLANG_CXX_LANGUAGE_STANDARD = "gnu++0x";
				CLANG_CXX_LIBRARY = "libc++";
				CLANG_ENABLE_MODULES = YES;
				CLANG_ENABLE_OBJC_ARC = YES;
				CLANG_WARN_ASSIGN_ENUM = YES;
				CLANG_WARN_BOOL_CONVERSION = YES;
				CLANG_WARN_CONSTANT_CONVERSION = YES;
				CLANG_WARN_CXX0X_EXTENSIONS = YES;
				CLANG_WARN_DIRECT_OBJC_ISA_USAGE = YES_ERROR;
				CLANG_WARN_EMPTY_BODY = YES;
				CLANG_WARN_ENUM_CONVERSION = YES;
				CLANG_WARN_IMPLICIT_SIGN_CONVERSION = YES;
				CLANG_WARN_INT_CONVERSION = YES;
				CLANG_WARN_NULLABLE_TO_NONNULL_CONVERSION = YES;
				CLANG_WARN_OBJC_IMPLICIT_ATOMIC_PROPERTIES = YES;
				CLANG_WARN_OBJC_IMPLICIT_RETAIN_SELF = YES;
				CLANG_WARN_OBJC_REPEATED_USE_OF_WEAK = YES;
				CLANG_WARN_OBJC_ROOT_CLASS = YES_ERROR;
				CLANG_WARN_SUSPICIOUS_IMPLICIT_CONVERSION = YES;
				CLANG_WARN_UNREACHABLE_CODE = YES;
				CLANG_WARN__DUPLICATE_METHOD_MATCH = YES;
				CLANG_WARN__EXIT_TIME_DESTRUCTORS = YES;
				"CODE_SIGN_IDENTITY[sdk=iphoneos*]" = "iPhone Developer";
				COPY_PHASE_STRIP = NO;
				DEBUG_INFORMATION_FORMAT = "dwarf-with-dsym";
				ENABLE_NS_ASSERTIONS = NO;
				ENABLE_STRICT_OBJC_MSGSEND = YES;
				GCC_C_LANGUAGE_STANDARD = gnu99;
				GCC_INCREASE_PRECOMPILED_HEADER_SHARING = YES;
				GCC_NO_COMMON_BLOCKS = YES;
				GCC_PRECOMPILE_PREFIX_HEADER = YES;
				GCC_PREFIX_HEADER = TicTacToe.pch;
				GCC_TREAT_WARNINGS_AS_ERRORS = YES;
				GCC_WARN_64_TO_32_BIT_CONVERSION = YES;
				GCC_WARN_ABOUT_RETURN_TYPE = YES_ERROR;
				GCC_WARN_NON_VIRTUAL_DESTRUCTOR = YES;
				GCC_WARN_PEDANTIC = YES;
				GCC_WARN_SHADOW = YES;
				GCC_WARN_SIGN_COMPARE = YES;
				GCC_WARN_UNDECLARED_SELECTOR = YES;
				GCC_WARN_UNINITIALIZED_AUTOS = YES_AGGRESSIVE;
				GCC_WARN_UNUSED_FUNCTION = YES;
				GCC_WARN_UNUSED_VARIABLE = YES;
				HEADER_SEARCH_PATHS = ../../lib/TicTacToeKit;
				IPHONEOS_DEPLOYMENT_TARGET = 9.1;
				MTL_ENABLE_DEBUG_INFO = NO;
				SDKROOT = iphoneos;
				TARGETED_DEVICE_FAMILY = "1,2";
				VALIDATE_PRODUCT = YES;
			};
			name = Release;
		};
		7EE61ED41BFF6F7A00DE8F47 /* Debug */ = {
			isa = XCBuildConfiguration;
			buildSettings = {
				ASSETCATALOG_COMPILER_APPICON_NAME = AppIcon;
				INFOPLIST_FILE = TicTacToe/Info.plist;
				LD_RUNPATH_SEARCH_PATHS = "$(inherited) @executable_path/Frameworks";
				PRODUCT_BUNDLE_IDENTIFIER = org.dodikk.TicTacToe;
				PRODUCT_NAME = "$(TARGET_NAME)";
			};
			name = Debug;
		};
		7EE61ED51BFF6F7A00DE8F47 /* Release */ = {
			isa = XCBuildConfiguration;
			buildSettings = {
				ASSETCATALOG_COMPILER_APPICON_NAME = AppIcon;
				INFOPLIST_FILE = TicTacToe/Info.plist;
				LD_RUNPATH_SEARCH_PATHS = "$(inherited) @executable_path/Frameworks";
				PRODUCT_BUNDLE_IDENTIFIER = org.dodikk.TicTacToe;
				PRODUCT_NAME = "$(TARGET_NAME)";
			};
			name = Release;
		};
		7EE61ED71BFF6F7A00DE8F47 /* Debug */ = {
			isa = XCBuildConfiguration;
			buildSettings = {
				BUNDLE_LOADER = "$(TEST_HOST)";
				INFOPLIST_FILE = TicTacToeTests/Info.plist;
				LD_RUNPATH_SEARCH_PATHS = "$(inherited) @executable_path/Frameworks @loader_path/Frameworks";
				PRODUCT_BUNDLE_IDENTIFIER = org.dodikk.TicTacToeTests;
				PRODUCT_NAME = "$(TARGET_NAME)";
				TEST_HOST = "$(BUILT_PRODUCTS_DIR)/TicTacToe.app/TicTacToe";
			};
			name = Debug;
		};
		7EE61ED81BFF6F7A00DE8F47 /* Release */ = {
			isa = XCBuildConfiguration;
			buildSettings = {
				BUNDLE_LOADER = "$(TEST_HOST)";
				INFOPLIST_FILE = TicTacToeTests/Info.plist;
				LD_RUNPATH_SEARCH_PATHS = "$(inherited) @executable_path/Frameworks @loader_path/Frameworks";
				PRODUCT_BUNDLE_IDENTIFIER = org.dodikk.TicTacToeTests;
				PRODUCT_NAME = "$(TARGET_NAME)";
				TEST_HOST = "$(BUILT_PRODUCTS_DIR)/TicTacToe.app/TicTacToe";
			};
			name = Release;
		};
/* End XCBuildConfiguration section */

/* Begin XCConfigurationList section */
		7EE61EAC1BFF6F7A00DE8F47 /* Build configuration list for PBXProject "TicTacToe" */ = {
			isa = XCConfigurationList;
			buildConfigurations = (
				7EE61ED11BFF6F7A00DE8F47 /* Debug */,
				7EE61ED21BFF6F7A00DE8F47 /* Release */,
			);
			defaultConfigurationIsVisible = 0;
			defaultConfigurationName = Release;
		};
		7EE61ED31BFF6F7A00DE8F47 /* Build configuration list for PBXNativeTarget "TicTacToe" */ = {
			isa = XCConfigurationList;
			buildConfigurations = (
				7EE61ED41BFF6F7A00DE8F47 /* Debug */,
				7EE61ED51BFF6F7A00DE8F47 /* Release */,
			);
			defaultConfigurationIsVisible = 0;
			defaultConfigurationName = Release;
		};
		7EE61ED61BFF6F7A00DE8F47 /* Build configuration list for PBXNativeTarget "TicTacToeTests" */ = {
			isa = XCConfigurationList;
			buildConfigurations = (
				7EE61ED71BFF6F7A00DE8F47 /* Debug */,
				7EE61ED81BFF6F7A00DE8F47 /* Release */,
			);
			defaultConfigurationIsVisible = 0;
			defaultConfigurationName = Release;
		};
/* End XCConfigurationList section */
	};
	rootObject = 7EE61EA91BFF6F7A00DE8F47 /* Project object */;
}
