// !$*UTF8*$!
{
	archiveVersion = 1;
	classes = {
	};
	objectVersion = 46;
	objects = {

/* Begin PBXBuildFile section */
		7E289B651BFF8542004F2BC3 /* TTKGameVMImpl.m in Sources */ = {isa = PBXBuildFile; fileRef = 7E289B641BFF8542004F2BC3 /* TTKGameVMImpl.m */; };
		7E289B6B1BFF8CB6004F2BC3 /* TTKMatrixFieldModel.m in Sources */ = {isa = PBXBuildFile; fileRef = 7E289B6A1BFF8CB6004F2BC3 /* TTKMatrixFieldModel.m */; };
		7E289B751C007DEB004F2BC3 /* libTicTacToeKit.a in Frameworks */ = {isa = PBXBuildFile; fileRef = 7EE61EE21BFF70EE00DE8F47 /* libTicTacToeKit.a */; };
		7E289B7C1C007EB2004F2BC3 /* WinConditionTest.m in Sources */ = {isa = PBXBuildFile; fileRef = 7E289B7B1C007EB2004F2BC3 /* WinConditionTest.m */; };
		7E289B841C009853004F2BC3 /* TTKPlayerPOD.m in Sources */ = {isa = PBXBuildFile; fileRef = 7E289B831C009853004F2BC3 /* TTKPlayerPOD.m */; };
		7E289B861C00A4A7004F2BC3 /* GameVMTest.m in Sources */ = {isa = PBXBuildFile; fileRef = 7E289B851C00A4A7004F2BC3 /* GameVMTest.m */; };
		7E289B8E1C00BE27004F2BC3 /* TTKGameOverLocalizerStub.m in Sources */ = {isa = PBXBuildFile; fileRef = 7E289B8D1C00BE27004F2BC3 /* TTKGameOverLocalizerStub.m */; };
		7EE61EE61BFF70EE00DE8F47 /* TicTacToeKit.h in CopyFiles */ = {isa = PBXBuildFile; fileRef = 7EE61EE51BFF70EE00DE8F47 /* TicTacToeKit.h */; };
/* End PBXBuildFile section */

/* Begin PBXContainerItemProxy section */
		7E289B761C007DEB004F2BC3 /* PBXContainerItemProxy */ = {
			isa = PBXContainerItemProxy;
			containerPortal = 7EE61EDA1BFF70EE00DE8F47 /* Project object */;
			proxyType = 1;
			remoteGlobalIDString = 7EE61EE11BFF70EE00DE8F47;
			remoteInfo = TicTacToeKit;
		};
/* End PBXContainerItemProxy section */

/* Begin PBXCopyFilesBuildPhase section */
		7EE61EE01BFF70EE00DE8F47 /* CopyFiles */ = {
			isa = PBXCopyFilesBuildPhase;
			buildActionMask = 2147483647;
			dstPath = "include/$(PRODUCT_NAME)";
			dstSubfolderSpec = 16;
			files = (
				7EE61EE61BFF70EE00DE8F47 /* TicTacToeKit.h in CopyFiles */,
			);
			runOnlyForDeploymentPostprocessing = 0;
		};
/* End PBXCopyFilesBuildPhase section */

/* Begin PBXFileReference section */
		7E289B5F1BFF844F004F2BC3 /* TTKGameVM.h */ = {isa = PBXFileReference; fileEncoding = 4; lastKnownFileType = sourcecode.c.h; path = TTKGameVM.h; sourceTree = "<group>"; };
		7E289B611BFF84D6004F2BC3 /* TTKGameVMDelegate.h */ = {isa = PBXFileReference; fileEncoding = 4; lastKnownFileType = sourcecode.c.h; path = TTKGameVMDelegate.h; sourceTree = "<group>"; };
		7E289B621BFF84F6004F2BC3 /* TTKCellPoint.h */ = {isa = PBXFileReference; lastKnownFileType = sourcecode.c.h; path = TTKCellPoint.h; sourceTree = "<group>"; };
		7E289B631BFF8542004F2BC3 /* TTKGameVMImpl.h */ = {isa = PBXFileReference; fileEncoding = 4; lastKnownFileType = sourcecode.c.h; path = TTKGameVMImpl.h; sourceTree = "<group>"; };
		7E289B641BFF8542004F2BC3 /* TTKGameVMImpl.m */ = {isa = PBXFileReference; fileEncoding = 4; lastKnownFileType = sourcecode.c.objc; path = TTKGameVMImpl.m; sourceTree = "<group>"; };
		7E289B671BFF8654004F2BC3 /* TTKFieldState.h */ = {isa = PBXFileReference; fileEncoding = 4; lastKnownFileType = sourcecode.c.h; path = TTKFieldState.h; sourceTree = "<group>"; };
		7E289B681BFF86A8004F2BC3 /* TTKMutableFieldState.h */ = {isa = PBXFileReference; fileEncoding = 4; lastKnownFileType = sourcecode.c.h; path = TTKMutableFieldState.h; sourceTree = "<group>"; };
		7E289B691BFF8CB6004F2BC3 /* TTKMatrixFieldModel.h */ = {isa = PBXFileReference; fileEncoding = 4; lastKnownFileType = sourcecode.c.h; path = TTKMatrixFieldModel.h; sourceTree = "<group>"; };
		7E289B6A1BFF8CB6004F2BC3 /* TTKMatrixFieldModel.m */ = {isa = PBXFileReference; fileEncoding = 4; lastKnownFileType = sourcecode.c.objc; path = TTKMatrixFieldModel.m; sourceTree = "<group>"; };
		7E289B701C007DEB004F2BC3 /* TicTacToeKitTest.xctest */ = {isa = PBXFileReference; explicitFileType = wrapper.cfbundle; includeInIndex = 0; path = TicTacToeKitTest.xctest; sourceTree = BUILT_PRODUCTS_DIR; };
		7E289B741C007DEB004F2BC3 /* Info.plist */ = {isa = PBXFileReference; lastKnownFileType = text.plist.xml; path = Info.plist; sourceTree = "<group>"; };
		7E289B7B1C007EB2004F2BC3 /* WinConditionTest.m */ = {isa = PBXFileReference; fileEncoding = 4; lastKnownFileType = sourcecode.c.objc; path = WinConditionTest.m; sourceTree = "<group>"; };
		7E289B7D1C007F8C004F2BC3 /* TTKMatrixFieldModel+UnitTest.h */ = {isa = PBXFileReference; fileEncoding = 4; lastKnownFileType = sourcecode.c.h; path = "TTKMatrixFieldModel+UnitTest.h"; sourceTree = "<group>"; };
		7E289B811C0080D2004F2BC3 /* TTKPlayer.h */ = {isa = PBXFileReference; fileEncoding = 4; lastKnownFileType = sourcecode.c.h; path = TTKPlayer.h; sourceTree = "<group>"; };
		7E289B821C009853004F2BC3 /* TTKPlayerPOD.h */ = {isa = PBXFileReference; fileEncoding = 4; lastKnownFileType = sourcecode.c.h; path = TTKPlayerPOD.h; sourceTree = "<group>"; };
		7E289B831C009853004F2BC3 /* TTKPlayerPOD.m */ = {isa = PBXFileReference; fileEncoding = 4; lastKnownFileType = sourcecode.c.objc; path = TTKPlayerPOD.m; sourceTree = "<group>"; };
		7E289B851C00A4A7004F2BC3 /* GameVMTest.m */ = {isa = PBXFileReference; fileEncoding = 4; lastKnownFileType = sourcecode.c.objc; path = GameVMTest.m; sourceTree = "<group>"; };
		7E289B8B1C00BDF0004F2BC3 /* TTKGameOverLocalizer.h */ = {isa = PBXFileReference; fileEncoding = 4; lastKnownFileType = sourcecode.c.h; path = TTKGameOverLocalizer.h; sourceTree = "<group>"; };
		7E289B8C1C00BE27004F2BC3 /* TTKGameOverLocalizerStub.h */ = {isa = PBXFileReference; fileEncoding = 4; lastKnownFileType = sourcecode.c.h; path = TTKGameOverLocalizerStub.h; sourceTree = "<group>"; };
		7E289B8D1C00BE27004F2BC3 /* TTKGameOverLocalizerStub.m */ = {isa = PBXFileReference; fileEncoding = 4; lastKnownFileType = sourcecode.c.objc; path = TTKGameOverLocalizerStub.m; sourceTree = "<group>"; };
		7EE61EE21BFF70EE00DE8F47 /* libTicTacToeKit.a */ = {isa = PBXFileReference; explicitFileType = archive.ar; includeInIndex = 0; path = libTicTacToeKit.a; sourceTree = BUILT_PRODUCTS_DIR; };
		7EE61EE51BFF70EE00DE8F47 /* TicTacToeKit.h */ = {isa = PBXFileReference; lastKnownFileType = sourcecode.c.h; path = TicTacToeKit.h; sourceTree = "<group>"; };
/* End PBXFileReference section */

/* Begin PBXFrameworksBuildPhase section */
		7E289B6D1C007DEB004F2BC3 /* Frameworks */ = {
			isa = PBXFrameworksBuildPhase;
			buildActionMask = 2147483647;
			files = (
				7E289B751C007DEB004F2BC3 /* libTicTacToeKit.a in Frameworks */,
			);
			runOnlyForDeploymentPostprocessing = 0;
		};
		7EE61EDF1BFF70EE00DE8F47 /* Frameworks */ = {
			isa = PBXFrameworksBuildPhase;
			buildActionMask = 2147483647;
			files = (
			);
			runOnlyForDeploymentPostprocessing = 0;
		};
/* End PBXFrameworksBuildPhase section */

/* Begin PBXGroup section */
		7E289B5B1BFF8402004F2BC3 /* Types */ = {
			isa = PBXGroup;
			children = (
				7E289B621BFF84F6004F2BC3 /* TTKCellPoint.h */,
			);
			path = Types;
			sourceTree = "<group>";
		};
		7E289B5C1BFF8421004F2BC3 /* GameScene */ = {
			isa = PBXGroup;
			children = (
				7E289B661BFF8644004F2BC3 /* Field */,
				7E289B871C00BDC4004F2BC3 /* Localizer */,
				7E289B801C0080D2004F2BC3 /* Player */,
				7E289B5F1BFF844F004F2BC3 /* TTKGameVM.h */,
				7E289B611BFF84D6004F2BC3 /* TTKGameVMDelegate.h */,
				7E289B631BFF8542004F2BC3 /* TTKGameVMImpl.h */,
				7E289B641BFF8542004F2BC3 /* TTKGameVMImpl.m */,
			);
			path = GameScene;
			sourceTree = "<group>";
		};
		7E289B5D1BFF8421004F2BC3 /* Menu */ = {
			isa = PBXGroup;
			children = (
			);
			path = Menu;
			sourceTree = "<group>";
		};
		7E289B661BFF8644004F2BC3 /* Field */ = {
			isa = PBXGroup;
			children = (
				7E289B671BFF8654004F2BC3 /* TTKFieldState.h */,
				7E289B681BFF86A8004F2BC3 /* TTKMutableFieldState.h */,
				7E289B691BFF8CB6004F2BC3 /* TTKMatrixFieldModel.h */,
				7E289B6A1BFF8CB6004F2BC3 /* TTKMatrixFieldModel.m */,
				7E289B7D1C007F8C004F2BC3 /* TTKMatrixFieldModel+UnitTest.h */,
			);
			path = Field;
			sourceTree = "<group>";
		};
		7E289B711C007DEB004F2BC3 /* TicTacToeKitTest */ = {
			isa = PBXGroup;
			children = (
				7E289B741C007DEB004F2BC3 /* Info.plist */,
				7E289B7B1C007EB2004F2BC3 /* WinConditionTest.m */,
				7E289B851C00A4A7004F2BC3 /* GameVMTest.m */,
			);
			path = TicTacToeKitTest;
			sourceTree = "<group>";
		};
		7E289B801C0080D2004F2BC3 /* Player */ = {
			isa = PBXGroup;
			children = (
				7E289B811C0080D2004F2BC3 /* TTKPlayer.h */,
				7E289B821C009853004F2BC3 /* TTKPlayerPOD.h */,
				7E289B831C009853004F2BC3 /* TTKPlayerPOD.m */,
			);
			path = Player;
			sourceTree = "<group>";
		};
		7E289B871C00BDC4004F2BC3 /* Localizer */ = {
			isa = PBXGroup;
			children = (
				7E289B8B1C00BDF0004F2BC3 /* TTKGameOverLocalizer.h */,
				7E289B8C1C00BE27004F2BC3 /* TTKGameOverLocalizerStub.h */,
				7E289B8D1C00BE27004F2BC3 /* TTKGameOverLocalizerStub.m */,
			);
			path = Localizer;
			sourceTree = "<group>";
		};
		7EE61ED91BFF70EE00DE8F47 = {
			isa = PBXGroup;
			children = (
				7EE61EE41BFF70EE00DE8F47 /* TicTacToeKit */,
				7E289B711C007DEB004F2BC3 /* TicTacToeKitTest */,
				7EE61EE31BFF70EE00DE8F47 /* Products */,
			);
			sourceTree = "<group>";
		};
		7EE61EE31BFF70EE00DE8F47 /* Products */ = {
			isa = PBXGroup;
			children = (
				7EE61EE21BFF70EE00DE8F47 /* libTicTacToeKit.a */,
				7E289B701C007DEB004F2BC3 /* TicTacToeKitTest.xctest */,
			);
			name = Products;
			sourceTree = "<group>";
		};
		7EE61EE41BFF70EE00DE8F47 /* TicTacToeKit */ = {
			isa = PBXGroup;
			children = (
				7E289B5C1BFF8421004F2BC3 /* GameScene */,
				7E289B5D1BFF8421004F2BC3 /* Menu */,
				7E289B5B1BFF8402004F2BC3 /* Types */,
				7EE61EE51BFF70EE00DE8F47 /* TicTacToeKit.h */,
			);
			path = TicTacToeKit;
			sourceTree = "<group>";
		};
/* End PBXGroup section */

/* Begin PBXNativeTarget section */
		7E289B6F1C007DEB004F2BC3 /* TicTacToeKitTest */ = {
			isa = PBXNativeTarget;
			buildConfigurationList = 7E289B7A1C007DEB004F2BC3 /* Build configuration list for PBXNativeTarget "TicTacToeKitTest" */;
			buildPhases = (
				7E289B6C1C007DEB004F2BC3 /* Sources */,
				7E289B6D1C007DEB004F2BC3 /* Frameworks */,
				7E289B6E1C007DEB004F2BC3 /* Resources */,
			);
			buildRules = (
			);
			dependencies = (
				7E289B771C007DEB004F2BC3 /* PBXTargetDependency */,
			);
			name = TicTacToeKitTest;
			productName = TicTacToeKitTest;
			productReference = 7E289B701C007DEB004F2BC3 /* TicTacToeKitTest.xctest */;
			productType = "com.apple.product-type.bundle.unit-test";
		};
		7EE61EE11BFF70EE00DE8F47 /* TicTacToeKit */ = {
			isa = PBXNativeTarget;
			buildConfigurationList = 7EE61EEB1BFF70EE00DE8F47 /* Build configuration list for PBXNativeTarget "TicTacToeKit" */;
			buildPhases = (
				7EE61EDE1BFF70EE00DE8F47 /* Sources */,
				7EE61EDF1BFF70EE00DE8F47 /* Frameworks */,
				7EE61EE01BFF70EE00DE8F47 /* CopyFiles */,
			);
			buildRules = (
			);
			dependencies = (
			);
			name = TicTacToeKit;
			productName = TicTacToeKit;
			productReference = 7EE61EE21BFF70EE00DE8F47 /* libTicTacToeKit.a */;
			productType = "com.apple.product-type.library.static";
		};
/* End PBXNativeTarget section */

/* Begin PBXProject section */
		7EE61EDA1BFF70EE00DE8F47 /* Project object */ = {
			isa = PBXProject;
			attributes = {
				LastUpgradeCheck = 0710;
				ORGANIZATIONNAME = dodikk;
				TargetAttributes = {
					7E289B6F1C007DEB004F2BC3 = {
						CreatedOnToolsVersion = 7.1.1;
					};
					7EE61EE11BFF70EE00DE8F47 = {
						CreatedOnToolsVersion = 7.1.1;
					};
				};
			};
			buildConfigurationList = 7EE61EDD1BFF70EE00DE8F47 /* Build configuration list for PBXProject "TicTacToeKit" */;
			compatibilityVersion = "Xcode 3.2";
			developmentRegion = English;
			hasScannedForEncodings = 0;
			knownRegions = (
				en,
			);
			mainGroup = 7EE61ED91BFF70EE00DE8F47;
			productRefGroup = 7EE61EE31BFF70EE00DE8F47 /* Products */;
			projectDirPath = "";
			projectRoot = "";
			targets = (
				7EE61EE11BFF70EE00DE8F47 /* TicTacToeKit */,
				7E289B6F1C007DEB004F2BC3 /* TicTacToeKitTest */,
			);
		};
/* End PBXProject section */

/* Begin PBXResourcesBuildPhase section */
		7E289B6E1C007DEB004F2BC3 /* Resources */ = {
			isa = PBXResourcesBuildPhase;
			buildActionMask = 2147483647;
			files = (
			);
			runOnlyForDeploymentPostprocessing = 0;
		};
/* End PBXResourcesBuildPhase section */

/* Begin PBXSourcesBuildPhase section */
		7E289B6C1C007DEB004F2BC3 /* Sources */ = {
			isa = PBXSourcesBuildPhase;
			buildActionMask = 2147483647;
			files = (
				7E289B861C00A4A7004F2BC3 /* GameVMTest.m in Sources */,
				7E289B7C1C007EB2004F2BC3 /* WinConditionTest.m in Sources */,
			);
			runOnlyForDeploymentPostprocessing = 0;
		};
		7EE61EDE1BFF70EE00DE8F47 /* Sources */ = {
			isa = PBXSourcesBuildPhase;
			buildActionMask = 2147483647;
			files = (
				7E289B651BFF8542004F2BC3 /* TTKGameVMImpl.m in Sources */,
				7E289B8E1C00BE27004F2BC3 /* TTKGameOverLocalizerStub.m in Sources */,
				7E289B841C009853004F2BC3 /* TTKPlayerPOD.m in Sources */,
				7E289B6B1BFF8CB6004F2BC3 /* TTKMatrixFieldModel.m in Sources */,
			);
			runOnlyForDeploymentPostprocessing = 0;
		};
/* End PBXSourcesBuildPhase section */

/* Begin PBXTargetDependency section */
		7E289B771C007DEB004F2BC3 /* PBXTargetDependency */ = {
			isa = PBXTargetDependency;
			target = 7EE61EE11BFF70EE00DE8F47 /* TicTacToeKit */;
			targetProxy = 7E289B761C007DEB004F2BC3 /* PBXContainerItemProxy */;
		};
/* End PBXTargetDependency section */

/* Begin XCBuildConfiguration section */
		7E289B781C007DEB004F2BC3 /* Debug */ = {
			isa = XCBuildConfiguration;
			buildSettings = {
				INFOPLIST_FILE = TicTacToeKitTest/Info.plist;
				LD_RUNPATH_SEARCH_PATHS = "$(inherited) @executable_path/Frameworks @loader_path/Frameworks";
				PRODUCT_BUNDLE_IDENTIFIER = org.dodikk.TicTacToeKitTest;
				PRODUCT_NAME = "$(TARGET_NAME)";
				WARNING_CFLAGS = "-Wno-gnu";
			};
			name = Debug;
		};
		7E289B791C007DEB004F2BC3 /* Release */ = {
			isa = XCBuildConfiguration;
			buildSettings = {
				INFOPLIST_FILE = TicTacToeKitTest/Info.plist;
				LD_RUNPATH_SEARCH_PATHS = "$(inherited) @executable_path/Frameworks @loader_path/Frameworks";
				PRODUCT_BUNDLE_IDENTIFIER = org.dodikk.TicTacToeKitTest;
				PRODUCT_NAME = "$(TARGET_NAME)";
				WARNING_CFLAGS = "-Wno-gnu";
			};
			name = Release;
		};
		7EE61EE91BFF70EE00DE8F47 /* Debug */ = {
			isa = XCBuildConfiguration;
			buildSettings = {
				ALWAYS_SEARCH_USER_PATHS = NO;
				CLANG_ANALYZER_SECURITY_FLOATLOOPCOUNTER = YES;
				CLANG_ANALYZER_SECURITY_INSECUREAPI_RAND = YES;
				CLANG_ANALYZER_SECURITY_INSECUREAPI_STRCPY = YES;
				CLANG_CXX_LANGUAGE_STANDARD = "gnu++0x";
				CLANG_CXX_LIBRARY = "libc++";
				CLANG_ENABLE_MODULES = YES;
				CLANG_ENABLE_OBJC_ARC = YES;
				CLANG_WARN_ASSIGN_ENUM = YES;
				CLANG_WARN_BOOL_CONVERSION = YES;
				CLANG_WARN_CONSTANT_CONVERSION = YES;
				CLANG_WARN_CXX0X_EXTENSIONS = YES;
				CLANG_WARN_DIRECT_OBJC_ISA_USAGE = YES_ERROR;
				CLANG_WARN_EMPTY_BODY = YES;
				CLANG_WARN_ENUM_CONVERSION = YES;
				CLANG_WARN_IMPLICIT_SIGN_CONVERSION = YES;
				CLANG_WARN_INT_CONVERSION = YES;
				CLANG_WARN_NULLABLE_TO_NONNULL_CONVERSION = YES;
				CLANG_WARN_OBJC_IMPLICIT_ATOMIC_PROPERTIES = YES;
				CLANG_WARN_OBJC_IMPLICIT_RETAIN_SELF = YES;
				CLANG_WARN_OBJC_REPEATED_USE_OF_WEAK = YES;
				CLANG_WARN_OBJC_ROOT_CLASS = YES_ERROR;
				CLANG_WARN_SUSPICIOUS_IMPLICIT_CONVERSION = YES;
				CLANG_WARN_UNREACHABLE_CODE = YES;
				CLANG_WARN__DUPLICATE_METHOD_MATCH = YES;
				CLANG_WARN__EXIT_TIME_DESTRUCTORS = YES;
				"CODE_SIGN_IDENTITY[sdk=iphoneos*]" = "iPhone Developer";
				COPY_PHASE_STRIP = NO;
				DEBUG_INFORMATION_FORMAT = dwarf;
				ENABLE_STRICT_OBJC_MSGSEND = YES;
				ENABLE_TESTABILITY = YES;
				GCC_C_LANGUAGE_STANDARD = gnu99;
				GCC_DYNAMIC_NO_PIC = NO;
				GCC_NO_COMMON_BLOCKS = YES;
				GCC_OPTIMIZATION_LEVEL = 0;
				GCC_PREPROCESSOR_DEFINITIONS = (
					"DEBUG=1",
					"$(inherited)",
				);
				GCC_TREAT_WARNINGS_AS_ERRORS = YES;
				GCC_WARN_64_TO_32_BIT_CONVERSION = YES;
				GCC_WARN_ABOUT_RETURN_TYPE = YES_ERROR;
				GCC_WARN_NON_VIRTUAL_DESTRUCTOR = YES;
				GCC_WARN_PEDANTIC = YES;
				GCC_WARN_SHADOW = YES;
				GCC_WARN_SIGN_COMPARE = YES;
				GCC_WARN_UNDECLARED_SELECTOR = YES;
				GCC_WARN_UNINITIALIZED_AUTOS = YES_AGGRESSIVE;
				GCC_WARN_UNUSED_FUNCTION = YES;
				GCC_WARN_UNUSED_VARIABLE = YES;
				HEADER_SEARCH_PATHS = (
					.,
					..,
				);
				IPHONEOS_DEPLOYMENT_TARGET = 9.1;
				MTL_ENABLE_DEBUG_INFO = YES;
				ONLY_ACTIVE_ARCH = YES;
				SDKROOT = iphoneos;
			};
			name = Debug;
		};
		7EE61EEA1BFF70EE00DE8F47 /* Release */ = {
			isa = XCBuildConfiguration;
			buildSettings = {
				ALWAYS_SEARCH_USER_PATHS = NO;
				CLANG_ANALYZER_SECURITY_FLOATLOOPCOUNTER = YES;
				CLANG_ANALYZER_SECURITY_INSECUREAPI_RAND = YES;
				CLANG_ANALYZER_SECURITY_INSECUREAPI_STRCPY = YES;
				CLANG_CXX_LANGUAGE_STANDARD = "gnu++0x";
				CLANG_CXX_LIBRARY = "libc++";
				CLANG_ENABLE_MODULES = YES;
				CLANG_ENABLE_OBJC_ARC = YES;
				CLANG_WARN_ASSIGN_ENUM = YES;
				CLANG_WARN_BOOL_CONVERSION = YES;
				CLANG_WARN_CONSTANT_CONVERSION = YES;
				CLANG_WARN_CXX0X_EXTENSIONS = YES;
				CLANG_WARN_DIRECT_OBJC_ISA_USAGE = YES_ERROR;
				CLANG_WARN_EMPTY_BODY = YES;
				CLANG_WARN_ENUM_CONVERSION = YES;
				CLANG_WARN_IMPLICIT_SIGN_CONVERSION = YES;
				CLANG_WARN_INT_CONVERSION = YES;
				CLANG_WARN_NULLABLE_TO_NONNULL_CONVERSION = YES;
				CLANG_WARN_OBJC_IMPLICIT_ATOMIC_PROPERTIES = YES;
				CLANG_WARN_OBJC_IMPLICIT_RETAIN_SELF = YES;
				CLANG_WARN_OBJC_REPEATED_USE_OF_WEAK = YES;
				CLANG_WARN_OBJC_ROOT_CLASS = YES_ERROR;
				CLANG_WARN_SUSPICIOUS_IMPLICIT_CONVERSION = YES;
				CLANG_WARN_UNREACHABLE_CODE = YES;
				CLANG_WARN__DUPLICATE_METHOD_MATCH = YES;
				CLANG_WARN__EXIT_TIME_DESTRUCTORS = YES;
				"CODE_SIGN_IDENTITY[sdk=iphoneos*]" = "iPhone Developer";
				COPY_PHASE_STRIP = NO;
				DEBUG_INFORMATION_FORMAT = "dwarf-with-dsym";
				ENABLE_NS_ASSERTIONS = NO;
				ENABLE_STRICT_OBJC_MSGSEND = YES;
				GCC_C_LANGUAGE_STANDARD = gnu99;
				GCC_NO_COMMON_BLOCKS = YES;
				GCC_TREAT_WARNINGS_AS_ERRORS = YES;
				GCC_WARN_64_TO_32_BIT_CONVERSION = YES;
				GCC_WARN_ABOUT_RETURN_TYPE = YES_ERROR;
				GCC_WARN_NON_VIRTUAL_DESTRUCTOR = YES;
				GCC_WARN_PEDANTIC = YES;
				GCC_WARN_SHADOW = YES;
				GCC_WARN_SIGN_COMPARE = YES;
				GCC_WARN_UNDECLARED_SELECTOR = YES;
				GCC_WARN_UNINITIALIZED_AUTOS = YES_AGGRESSIVE;
				GCC_WARN_UNUSED_FUNCTION = YES;
				GCC_WARN_UNUSED_VARIABLE = YES;
				HEADER_SEARCH_PATHS = (
					.,
					..,
				);
				IPHONEOS_DEPLOYMENT_TARGET = 9.1;
				MTL_ENABLE_DEBUG_INFO = NO;
				SDKROOT = iphoneos;
				VALIDATE_PRODUCT = YES;
			};
			name = Release;
		};
		7EE61EEC1BFF70EE00DE8F47 /* Debug */ = {
			isa = XCBuildConfiguration;
			buildSettings = {
				OTHER_LDFLAGS = "-ObjC";
				PRODUCT_NAME = "$(TARGET_NAME)";
				SKIP_INSTALL = YES;
			};
			name = Debug;
		};
		7EE61EED1BFF70EE00DE8F47 /* Release */ = {
			isa = XCBuildConfiguration;
			buildSettings = {
				OTHER_LDFLAGS = "-ObjC";
				PRODUCT_NAME = "$(TARGET_NAME)";
				SKIP_INSTALL = YES;
			};
			name = Release;
		};
/* End XCBuildConfiguration section */

/* Begin XCConfigurationList section */
		7E289B7A1C007DEB004F2BC3 /* Build configuration list for PBXNativeTarget "TicTacToeKitTest" */ = {
			isa = XCConfigurationList;
			buildConfigurations = (
				7E289B781C007DEB004F2BC3 /* Debug */,
				7E289B791C007DEB004F2BC3 /* Release */,
			);
			defaultConfigurationIsVisible = 0;
			defaultConfigurationName = Release;
		};
		7EE61EDD1BFF70EE00DE8F47 /* Build configuration list for PBXProject "TicTacToeKit" */ = {
			isa = XCConfigurationList;
			buildConfigurations = (
				7EE61EE91BFF70EE00DE8F47 /* Debug */,
				7EE61EEA1BFF70EE00DE8F47 /* Release */,
			);
			defaultConfigurationIsVisible = 0;
			defaultConfigurationName = Release;
		};
		7EE61EEB1BFF70EE00DE8F47 /* Build configuration list for PBXNativeTarget "TicTacToeKit" */ = {
			isa = XCConfigurationList;
			buildConfigurations = (
				7EE61EEC1BFF70EE00DE8F47 /* Debug */,
				7EE61EED1BFF70EE00DE8F47 /* Release */,
			);
			defaultConfigurationIsVisible = 0;
			defaultConfigurationName = Release;
		};
/* End XCConfigurationList section */
	};
	rootObject = 7EE61EDA1BFF70EE00DE8F47 /* Project object */;
}
